<?xml version="1.0" encoding="utf-8"?>
<Project ToolsVersion="4.0" xmlns="http://schemas.microsoft.com/developer/msbuild/2003">
  <ItemGroup>
    <Filter Include="Source Files">
      <UniqueIdentifier>{4FC737F1-C7A5-4376-A066-2A32D752A2FF}</UniqueIdentifier>
      <Extensions>cpp;c;cc;cxx;c++;cppm;ixx;def;odl;idl;hpj;bat;asm;asmx</Extensions>
    </Filter>
    <Filter Include="Header Files">
      <UniqueIdentifier>{93995380-89BD-4b04-88EB-625FBE52EBFB}</UniqueIdentifier>
      <Extensions>h;hh;hpp;hxx;h++;hm;inl;inc;ipp;xsd</Extensions>
    </Filter>
    <Filter Include="Resource Files">
      <UniqueIdentifier>{67DA6AB6-F800-4c08-8B7A-83BB121AAD01}</UniqueIdentifier>
      <Extensions>rc;ico;cur;bmp;dlg;rc2;rct;bin;rgs;gif;jpg;jpeg;jpe;resx;tiff;tif;png;wav;mfcribbon-ms</Extensions>
    </Filter>
    <Filter Include="Files">
      <UniqueIdentifier>{d9bfe0ff-29ed-458b-8cd8-ec1eae4c9c07}</UniqueIdentifier>
    </Filter>
  </ItemGroup>
  <ItemGroup>
    <ClInclude Include="resource.h">
      <Filter>Header Files</Filter>
    </ClInclude>
    <ClInclude Include="Module.h">
      <Filter>Header Files</Filter>
    </ClInclude>
    <ClInclude Include="stdafx.h">
      <Filter>Header Files</Filter>
    </ClInclude>
    <ClInclude Include="ShellExt_h.h">
      <Filter>Header Files</Filter>
    </ClInclude>
    <ClInclude Include="ShellPreviewHandlerImpl.h">
      <Filter>Header Files</Filter>
    </ClInclude>
    <ClInclude Include="ShellThumbnailProviderImpl.h">
      <Filter>Header Files</Filter>
    </ClInclude>
    <ClInclude Include="UsdLoadScreenDlg.h">
      <Filter>Header Files</Filter>
    </ClInclude>
    <ClInclude Include="ShellPropertyStoreImpl.h">
      <Filter>Header Files</Filter>
    </ClInclude>
    <ClInclude Include="UsdMetadata.h">
      <Filter>Header Files</Filter>
    </ClInclude>
    <ClInclude Include="UsdPropertyKeys_Atvi.h">
      <Filter>Header Files</Filter>
    </ClInclude>
    <ClInclude Include="UsdPropertyKeys.h">
      <Filter>Header Files</Filter>
    </ClInclude>
    <ClInclude Include="UsdMetadata_Atvi.h">
      <Filter>Header Files</Filter>
    </ClInclude>
    <ClInclude Include="ArResolverShellExtension.h">
      <Filter>Header Files</Filter>
    </ClInclude>
    <ClInclude Include="UWPProgressBar.h">
      <Filter>Header Files</Filter>
    </ClInclude>
  </ItemGroup>
  <ItemGroup>
    <ClCompile Include="Module.cpp">
      <Filter>Source Files</Filter>
    </ClCompile>
    <ClCompile Include="stdafx.cpp">
      <Filter>Source Files</Filter>
    </ClCompile>
    <ClCompile Include="ShellExt_i.c">
      <Filter>Source Files</Filter>
    </ClCompile>
    <ClCompile Include="ShellPreviewHandlerImpl.cpp">
      <Filter>Source Files</Filter>
    </ClCompile>
    <ClCompile Include="ShellThumbnailProviderImpl.cpp">
      <Filter>Source Files</Filter>
    </ClCompile>
    <ClCompile Include="ShellExecute.cpp">
      <Filter>Source Files</Filter>
    </ClCompile>
    <ClCompile Include="UsdLoadScreenDlg.cpp">
      <Filter>Source Files</Filter>
    </ClCompile>
    <ClCompile Include="ShellPropertyStoreImpl.cpp">
      <Filter>Source Files</Filter>
    </ClCompile>
    <ClCompile Include="UsdMetadata.cpp">
      <Filter>Source Files</Filter>
    </ClCompile>
    <ClCompile Include="UsdMetadata_Atvi.cpp">
      <Filter>Source Files</Filter>
    </ClCompile>
    <ClCompile Include="ArResolverShellExtension.cpp">
      <Filter>Source Files</Filter>
    </ClCompile>
    <ClCompile Include="UWPProgressBar.cpp">
      <Filter>Source Files</Filter>
    </ClCompile>
  </ItemGroup>
  <ItemGroup>
    <None Include="ShellExt.def">
      <Filter>Source Files</Filter>
    </None>
    <None Include="ShellPreviewHandlerImpl.rgs">
      <Filter>Resource Files</Filter>
    </None>
    <None Include="ShellThumbnailProviderImpl.rgs">
      <Filter>Resource Files</Filter>
    </None>
    <None Include="ShellExtModule.rgs">
      <Filter>Resource Files</Filter>
    </None>
    <None Include="ShellPropertyStoreImpl.rgs">
      <Filter>Resource Files</Filter>
    </None>
    <None Include="UsdPropertyKeys_Atvi.propdesc">
      <Filter>Resource Files</Filter>
    </None>
    <None Include="UsdPropertyKeys.propdesc">
      <Filter>Resource Files</Filter>
    </None>
    <None Include="plugInfo.json">
      <Filter>Files</Filter>
    </None>
    <None Include="register.bat">
      <Filter>Files</Filter>
    </None>
    <None Include="unregister.bat">
      <Filter>Files</Filter>
    </None>
    <None Include="UsdShellExtension.cfg">
      <Filter>Files</Filter>
    </None>
  </ItemGroup>
  <ItemGroup>
    <Midl Include="ShellExt.idl">
      <Filter>Source Files</Filter>
    </Midl>
  </ItemGroup>
  <ItemGroup>
    <ResourceCompile Include="ShellExt.rc">
      <Filter>Resource Files</Filter>
    </ResourceCompile>
  </ItemGroup>
  <ItemGroup>
    <Image Include="usd.ico">
      <Filter>Resource Files</Filter>
    </Image>
    <Image Include="USDLogoLrgWithAlpha.png">
      <Filter>Resource Files</Filter>
    </Image>
    <Image Include="logo.png">
      <Filter>Resource Files</Filter>
    </Image>
  </ItemGroup>
  <ItemGroup>
    <Manifest Include="UsdShellExtension-monolithic.manifest" />
  </ItemGroup>
</Project>